
Microsoft Visual Studio Solution File, Format Version 12.00
# Visual Studio Version 17
VisualStudioVersion = 17.8.34511.84
MinimumVisualStudioVersion = 10.0.40219.1
Project("{FAE04EC0-301F-11D3-BF4B-00C04F79EFBC}") = "ConsoleApp1", "ConsoleApp1\ConsoleApp1.csproj", "{7AB09186-F06C-4EF3-A990-E6F5D91C4E9D}"
EndProject
Global
	GlobalSection(SolutionConfigurationPlatforms) = preSolution
		Debug|Any CPU = Debug|Any CPU
		Release|Any CPU = Release|Any CPU
	EndGlobalSection
	GlobalSection(ProjectConfigurationPlatforms) = postSolution
		{7AB09186-F06C-4EF3-A990-E6F5D91C4E9D}.Debug|Any CPU.ActiveCfg = Debug|Any CPU
		{7AB09186-F06C-4EF3-A990-E6F5D91C4E9D}.Debug|Any CPU.Build.0 = Debug|Any CPU
		{7AB09186-F06C-4EF3-A990-E6F5D91C4E9D}.Release|Any CPU.ActiveCfg = Release|Any CPU
		{7AB09186-F06C-4EF3-A990-E6F5D91C4E9D}.Release|Any CPU.Build.0 = Release|Any CPU
	EndGlobalSection
	GlobalSection(SolutionProperties) = preSolution
		HideSolutionNode = FALSE
	EndGlobalSection
	GlobalSection(ExtensibilityGlobals) = postSolution
		SolutionGuid = {BE3205AA-A796-4514-B8EC-6A19F2CE397C}
	EndGlobalSection
EndGlobal
